
Microsoft Visual Studio Solution File, Format Version 12.00
# Visual Studio Version 17
VisualStudioVersion = 17.7.34018.315
MinimumVisualStudioVersion = 10.0.40219.1
Project("{8BC9CEB8-8B4A-11D0-8D11-00A0C91BC942}") = "olympiad", "olympiad.vcxproj", "{604BCD1F-7692-4E4F-9972-280A667BB3CB}"
EndProject
Global
	GlobalSection(SolutionConfigurationPlatforms) = preSolution
		Debug|x64 = Debug|x64
		Debug|x86 = Debug|x86
		Release|x64 = Release|x64
		Release|x86 = Release|x86
	EndGlobalSection
	GlobalSection(ProjectConfigurationPlatforms) = postSolution
		{604BCD1F-7692-4E4F-9972-280A667BB3CB}.Debug|x64.ActiveCfg = Debug|x64
		{604BCD1F-7692-4E4F-9972-280A667BB3CB}.Debug|x64.Build.0 = Debug|x64
		{604BCD1F-7692-4E4F-9972-280A667BB3CB}.Debug|x86.ActiveCfg = Debug|Win32
		{604BCD1F-7692-4E4F-9972-280A667BB3CB}.Debug|x86.Build.0 = Debug|Win32
		{604BCD1F-7692-4E4F-9972-280A667BB3CB}.Release|x64.ActiveCfg = Release|x64
		{604BCD1F-7692-4E4F-9972-280A667BB3CB}.Release|x64.Build.0 = Release|x64
		{604BCD1F-7692-4E4F-9972-280A667BB3CB}.Release|x86.ActiveCfg = Release|Win32
		{604BCD1F-7692-4E4F-9972-280A667BB3CB}.Release|x86.Build.0 = Release|Win32
	EndGlobalSection
	GlobalSection(SolutionProperties) = preSolution
		HideSolutionNode = FALSE
	EndGlobalSection
	GlobalSection(ExtensibilityGlobals) = postSolution
		SolutionGuid = {8DF334C9-AC61-44CF-9A68-4D8FA75A7F31}
	EndGlobalSection
EndGlobal
